# This file is generated by running "yarn install" inside your project.
# Manual changes might be lost - proceed with caution!

__metadata:
  version: 6
  cacheKey: 8

"takuma-ru_documents@workspace:.":
  version: 0.0.0-use.local
  resolution: "takuma-ru_documents@workspace:."
  dependencies:
    zenn-cli: ^0.1.143
  languageName: unknown
  linkType: soft

"zenn-cli@npm:^0.1.143":
  version: 0.1.143
  resolution: "zenn-cli@npm:0.1.143"
  bin:
    zenn: dist/server/zenn.js
  checksum: c45128ebad99e2c1211f8e76b2bb15b351b4e8dc94aa502d60101241ea026f94590fd546a13c163940f3b7e41aef51bd16a9dbc438b679659ea7089b98d56339
  languageName: node
  linkType: hard
